github.com/codeGROOVE-dev/ds9 v0.7.2 h1:Jm+/L/1ACG18lF2SimmgmGu977ocwUebfb2o5AAKeU0=
github.com/codeGROOVE-dev/ds9 v0.7.2/go.mod h1:0UDipxF1DADfqM5GtjefgB2u+EXdDgOKmxVvrSGLHoM=
github.com/codeGROOVE-dev/ds9 v0.8.0 h1:A23VvL1YzUBZyXNYmF5u0R6nPcxQitPeLo8FFk6OiUs=
github.com/codeGROOVE-dev/ds9 v0.8.0/go.mod h1:0UDipxF1DADfqM5GtjefgB2u+EXdDgOKmxVvrSGLHoM=
