github.com/codeGROOVE-dev/ds9 v0.8.1 h1:jXSCoKe6iSjhgdbN1XFkMd1reE0yFWI4fpH5QHtrE4Y=
github.com/codeGROOVE-dev/ds9 v0.8.1/go.mod h1:0UDipxF1DADfqM5GtjefgB2u+EXdDgOKmxVvrSGLHoM=
github.com/klauspost/compress v1.18.3 h1:9PJRvfbmTabkOX8moIpXPbMMbYN60bWImDDU7L+/6zw=
github.com/klauspost/compress v1.18.3/go.mod h1:R0h/fSBs8DE4ENlcrlib3PsXS61voFxhIs2DeRhCvJ4=
