github.com/codeGROOVE-dev/ds9 v0.8.0 h1:A23VvL1YzUBZyXNYmF5u0R6nPcxQitPeLo8FFk6OiUs=
github.com/codeGROOVE-dev/ds9 v0.8.0/go.mod h1:0UDipxF1DADfqM5GtjefgB2u+EXdDgOKmxVvrSGLHoM=
github.com/klauspost/compress v1.18.2 h1:iiPHWW0YrcFgpBYhsA6D1+fqHssJscY/Tm/y2Uqnapk=
github.com/klauspost/compress v1.18.2/go.mod h1:R0h/fSBs8DE4ENlcrlib3PsXS61voFxhIs2DeRhCvJ4=
github.com/pierrec/lz4/v4 v4.1.22 h1:cKFw6uJDK+/gfw5BcDL0JL5aBsAFdsIT18eRtLj7VIU=
github.com/pierrec/lz4/v4 v4.1.22/go.mod h1:gZWDp/Ze/IJXGXf23ltt2EXimqmTUXEy0GFuRQyBid4=
